
Microsoft Visual Studio Solution File, Format Version 12.00
# Visual Studio Version 17
VisualStudioVersion = 17.2.32630.192
MinimumVisualStudioVersion = 10.0.40219.1
Project("{FAE04EC0-301F-11D3-BF4B-00C04F79EFBC}") = "Mini RPG", "Mini RPG\Mini RPG.csproj", "{A5FBD220-6F98-4B0E-863F-4102BF2179E3}"
EndProject
Global
	GlobalSection(SolutionConfigurationPlatforms) = preSolution
		Debug|Any CPU = Debug|Any CPU
		Release|Any CPU = Release|Any CPU
	EndGlobalSection
	GlobalSection(ProjectConfigurationPlatforms) = postSolution
		{A5FBD220-6F98-4B0E-863F-4102BF2179E3}.Debug|Any CPU.ActiveCfg = Debug|Any CPU
		{A5FBD220-6F98-4B0E-863F-4102BF2179E3}.Debug|Any CPU.Build.0 = Debug|Any CPU
		{A5FBD220-6F98-4B0E-863F-4102BF2179E3}.Release|Any CPU.ActiveCfg = Release|Any CPU
		{A5FBD220-6F98-4B0E-863F-4102BF2179E3}.Release|Any CPU.Build.0 = Release|Any CPU
	EndGlobalSection
	GlobalSection(SolutionProperties) = preSolution
		HideSolutionNode = FALSE
	EndGlobalSection
	GlobalSection(ExtensibilityGlobals) = postSolution
		SolutionGuid = {5C5DEBB0-869F-4C16-9673-00FC7E415A43}
	EndGlobalSection
EndGlobal
